
Microsoft Visual Studio Solution File, Format Version 12.00
# Visual Studio Version 17
VisualStudioVersion = 17.2.32516.85
MinimumVisualStudioVersion = 10.0.40219.1
Project("{FAE04EC0-301F-11D3-BF4B-00C04F79EFBC}") = "Praksa", "Praksa\Praksa.csproj", "{0BE1F3C7-512F-464B-9848-7B8A762CBF48}"
EndProject
Global
	GlobalSection(SolutionConfigurationPlatforms) = preSolution
		Debug|Any CPU = Debug|Any CPU
		Release|Any CPU = Release|Any CPU
	EndGlobalSection
	GlobalSection(ProjectConfigurationPlatforms) = postSolution
		{0BE1F3C7-512F-464B-9848-7B8A762CBF48}.Debug|Any CPU.ActiveCfg = Debug|Any CPU
		{0BE1F3C7-512F-464B-9848-7B8A762CBF48}.Debug|Any CPU.Build.0 = Debug|Any CPU
		{0BE1F3C7-512F-464B-9848-7B8A762CBF48}.Release|Any CPU.ActiveCfg = Release|Any CPU
		{0BE1F3C7-512F-464B-9848-7B8A762CBF48}.Release|Any CPU.Build.0 = Release|Any CPU
	EndGlobalSection
	GlobalSection(SolutionProperties) = preSolution
		HideSolutionNode = FALSE
	EndGlobalSection
	GlobalSection(ExtensibilityGlobals) = postSolution
		SolutionGuid = {66771C35-34FD-437E-A84A-419CAFA5992F}
	EndGlobalSection
EndGlobal
